
Microsoft Visual Studio Solution File, Format Version 12.00
# Visual Studio Version 16
VisualStudioVersion = 16.0.31205.134
MinimumVisualStudioVersion = 10.0.40219.1
Project("{9A19103F-16F7-4668-BE54-9A1E7A4F7556}") = "movement", "movement\movement.csproj", "{FE5E636F-9301-4DF4-93A8-AAC0267D76E1}"
EndProject
Project("{FAE04EC0-301F-11D3-BF4B-00C04F79EFBC}") = "editor", "editor\editor.csproj", "{D97CE59F-B64B-44CE-9BAE-ABE2225D74D5}"
EndProject
Global
	GlobalSection(SolutionConfigurationPlatforms) = preSolution
		Debug|Any CPU = Debug|Any CPU
		Release|Any CPU = Release|Any CPU
	EndGlobalSection
	GlobalSection(ProjectConfigurationPlatforms) = postSolution
		{FE5E636F-9301-4DF4-93A8-AAC0267D76E1}.Debug|Any CPU.ActiveCfg = Debug|Any CPU
		{FE5E636F-9301-4DF4-93A8-AAC0267D76E1}.Debug|Any CPU.Build.0 = Debug|Any CPU
		{FE5E636F-9301-4DF4-93A8-AAC0267D76E1}.Release|Any CPU.ActiveCfg = Release|Any CPU
		{FE5E636F-9301-4DF4-93A8-AAC0267D76E1}.Release|Any CPU.Build.0 = Release|Any CPU
		{D97CE59F-B64B-44CE-9BAE-ABE2225D74D5}.Debug|Any CPU.ActiveCfg = Debug|Any CPU
		{D97CE59F-B64B-44CE-9BAE-ABE2225D74D5}.Debug|Any CPU.Build.0 = Debug|Any CPU
		{D97CE59F-B64B-44CE-9BAE-ABE2225D74D5}.Release|Any CPU.ActiveCfg = Release|Any CPU
		{D97CE59F-B64B-44CE-9BAE-ABE2225D74D5}.Release|Any CPU.Build.0 = Release|Any CPU
	EndGlobalSection
	GlobalSection(SolutionProperties) = preSolution
		HideSolutionNode = FALSE
	EndGlobalSection
	GlobalSection(ExtensibilityGlobals) = postSolution
		SolutionGuid = {EEA76BF7-F451-4334-8187-0B6804FC9A8E}
	EndGlobalSection
EndGlobal
