
Microsoft Visual Studio Solution File, Format Version 12.00
# Visual Studio Version 16
VisualStudioVersion = 16.0.31112.23
MinimumVisualStudioVersion = 10.0.40219.1
Project("{9A19103F-16F7-4668-BE54-9A1E7A4F7556}") = "Lab01.02", "Task01\Lab01.02.csproj", "{275FB608-32B9-4B34-87A0-6090FEA40246}"
EndProject
Global
	GlobalSection(SolutionConfigurationPlatforms) = preSolution
		Debug|Any CPU = Debug|Any CPU
		Release|Any CPU = Release|Any CPU
	EndGlobalSection
	GlobalSection(ProjectConfigurationPlatforms) = postSolution
		{275FB608-32B9-4B34-87A0-6090FEA40246}.Debug|Any CPU.ActiveCfg = Debug|Any CPU
		{275FB608-32B9-4B34-87A0-6090FEA40246}.Debug|Any CPU.Build.0 = Debug|Any CPU
		{275FB608-32B9-4B34-87A0-6090FEA40246}.Release|Any CPU.ActiveCfg = Release|Any CPU
		{275FB608-32B9-4B34-87A0-6090FEA40246}.Release|Any CPU.Build.0 = Release|Any CPU
	EndGlobalSection
	GlobalSection(SolutionProperties) = preSolution
		HideSolutionNode = FALSE
	EndGlobalSection
	GlobalSection(ExtensibilityGlobals) = postSolution
		SolutionGuid = {5A96C914-EAD1-4C52-822D-A89801A2B16B}
	EndGlobalSection
EndGlobal
