
Microsoft Visual Studio Solution File, Format Version 12.00
# Visual Studio Version 16
VisualStudioVersion = 16.0.31205.134
MinimumVisualStudioVersion = 10.0.40219.1
Project("{FAE04EC0-301F-11D3-BF4B-00C04F79EFBC}") = "Lab01.01", "Lab01.01\Lab01.01.csproj", "{AF0CAC09-4C39-4FC9-950B-D3CE190121A1}"
EndProject
Project("{FAE04EC0-301F-11D3-BF4B-00C04F79EFBC}") = "sharedLibarary", "sharedLibarary\sharedLibarary.csproj", "{54C35768-BD14-4EC4-8049-9D2E2F625258}"
EndProject
Global
	GlobalSection(SolutionConfigurationPlatforms) = preSolution
		Debug|Any CPU = Debug|Any CPU
		Release|Any CPU = Release|Any CPU
	EndGlobalSection
	GlobalSection(ProjectConfigurationPlatforms) = postSolution
		{AF0CAC09-4C39-4FC9-950B-D3CE190121A1}.Debug|Any CPU.ActiveCfg = Debug|Any CPU
		{AF0CAC09-4C39-4FC9-950B-D3CE190121A1}.Debug|Any CPU.Build.0 = Debug|Any CPU
		{AF0CAC09-4C39-4FC9-950B-D3CE190121A1}.Release|Any CPU.ActiveCfg = Release|Any CPU
		{AF0CAC09-4C39-4FC9-950B-D3CE190121A1}.Release|Any CPU.Build.0 = Release|Any CPU
		{54C35768-BD14-4EC4-8049-9D2E2F625258}.Debug|Any CPU.ActiveCfg = Debug|Any CPU
		{54C35768-BD14-4EC4-8049-9D2E2F625258}.Debug|Any CPU.Build.0 = Debug|Any CPU
		{54C35768-BD14-4EC4-8049-9D2E2F625258}.Release|Any CPU.ActiveCfg = Release|Any CPU
		{54C35768-BD14-4EC4-8049-9D2E2F625258}.Release|Any CPU.Build.0 = Release|Any CPU
	EndGlobalSection
	GlobalSection(SolutionProperties) = preSolution
		HideSolutionNode = FALSE
	EndGlobalSection
	GlobalSection(ExtensibilityGlobals) = postSolution
		SolutionGuid = {1B4AFDB9-950F-49E9-9314-A2D45D64512B}
	EndGlobalSection
EndGlobal
