
Microsoft Visual Studio Solution File, Format Version 12.00
# Visual Studio Version 16
VisualStudioVersion = 16.0.31205.134
MinimumVisualStudioVersion = 10.0.40219.1
Project("{FAE04EC0-301F-11D3-BF4B-00C04F79EFBC}") = "Lab02.00", "Lab02.00\Lab02.00.csproj", "{DCCF3B14-626D-4FEA-8DE0-E733715DBC37}"
EndProject
Global
	GlobalSection(SolutionConfigurationPlatforms) = preSolution
		Debug|Any CPU = Debug|Any CPU
		Release|Any CPU = Release|Any CPU
	EndGlobalSection
	GlobalSection(ProjectConfigurationPlatforms) = postSolution
		{DCCF3B14-626D-4FEA-8DE0-E733715DBC37}.Debug|Any CPU.ActiveCfg = Debug|Any CPU
		{DCCF3B14-626D-4FEA-8DE0-E733715DBC37}.Debug|Any CPU.Build.0 = Debug|Any CPU
		{DCCF3B14-626D-4FEA-8DE0-E733715DBC37}.Release|Any CPU.ActiveCfg = Release|Any CPU
		{DCCF3B14-626D-4FEA-8DE0-E733715DBC37}.Release|Any CPU.Build.0 = Release|Any CPU
	EndGlobalSection
	GlobalSection(SolutionProperties) = preSolution
		HideSolutionNode = FALSE
	EndGlobalSection
	GlobalSection(ExtensibilityGlobals) = postSolution
		SolutionGuid = {3F3F1E2A-C6DF-40EA-956F-A11EFEA5501F}
	EndGlobalSection
EndGlobal
