
Microsoft Visual Studio Solution File, Format Version 12.00
# Visual Studio Version 16
VisualStudioVersion = 16.0.31129.286
MinimumVisualStudioVersion = 10.0.40219.1
Project("{FAE04EC0-301F-11D3-BF4B-00C04F79EFBC}") = "Lab03", "Lab03\Lab03.csproj", "{F497E592-0755-4D19-B02F-9D9FF5576707}"
EndProject
Global
	GlobalSection(SolutionConfigurationPlatforms) = preSolution
		Debug|Any CPU = Debug|Any CPU
		Release|Any CPU = Release|Any CPU
	EndGlobalSection
	GlobalSection(ProjectConfigurationPlatforms) = postSolution
		{F497E592-0755-4D19-B02F-9D9FF5576707}.Debug|Any CPU.ActiveCfg = Debug|Any CPU
		{F497E592-0755-4D19-B02F-9D9FF5576707}.Debug|Any CPU.Build.0 = Debug|Any CPU
		{F497E592-0755-4D19-B02F-9D9FF5576707}.Release|Any CPU.ActiveCfg = Release|Any CPU
		{F497E592-0755-4D19-B02F-9D9FF5576707}.Release|Any CPU.Build.0 = Release|Any CPU
	EndGlobalSection
	GlobalSection(SolutionProperties) = preSolution
		HideSolutionNode = FALSE
	EndGlobalSection
	GlobalSection(ExtensibilityGlobals) = postSolution
		SolutionGuid = {46D59608-6331-4024-8AD9-D07ECCE311EA}
	EndGlobalSection
EndGlobal
