
Microsoft Visual Studio Solution File, Format Version 12.00
# Visual Studio Version 16
VisualStudioVersion = 16.0.31005.135
MinimumVisualStudioVersion = 10.0.40219.1
Project("{FAE04EC0-301F-11D3-BF4B-00C04F79EFBC}") = "company", "company\company.csproj", "{8724F33C-9285-4387-B33F-CA00B8DFE3E2}"
EndProject
Global
	GlobalSection(SolutionConfigurationPlatforms) = preSolution
		Debug|Any CPU = Debug|Any CPU
		Release|Any CPU = Release|Any CPU
	EndGlobalSection
	GlobalSection(ProjectConfigurationPlatforms) = postSolution
		{8724F33C-9285-4387-B33F-CA00B8DFE3E2}.Debug|Any CPU.ActiveCfg = Debug|Any CPU
		{8724F33C-9285-4387-B33F-CA00B8DFE3E2}.Debug|Any CPU.Build.0 = Debug|Any CPU
		{8724F33C-9285-4387-B33F-CA00B8DFE3E2}.Release|Any CPU.ActiveCfg = Release|Any CPU
		{8724F33C-9285-4387-B33F-CA00B8DFE3E2}.Release|Any CPU.Build.0 = Release|Any CPU
	EndGlobalSection
	GlobalSection(SolutionProperties) = preSolution
		HideSolutionNode = FALSE
	EndGlobalSection
	GlobalSection(ExtensibilityGlobals) = postSolution
		SolutionGuid = {53399F21-7D11-444E-A30D-E5093795CE2B}
	EndGlobalSection
EndGlobal
