
Microsoft Visual Studio Solution File, Format Version 12.00
# Visual Studio Version 16
VisualStudioVersion = 16.0.31005.135
MinimumVisualStudioVersion = 10.0.40219.1
Project("{9A19103F-16F7-4668-BE54-9A1E7A4F7556}") = "people", "people\people.csproj", "{C40CB70D-1AA1-4A69-B1AF-9D6F74B51B40}"
EndProject
Project("{FAE04EC0-301F-11D3-BF4B-00C04F79EFBC}") = "duration", "duration\duration.csproj", "{AA8579B5-2020-404E-8E66-574B762E75F2}"
EndProject
Global
	GlobalSection(SolutionConfigurationPlatforms) = preSolution
		Debug|Any CPU = Debug|Any CPU
		Release|Any CPU = Release|Any CPU
	EndGlobalSection
	GlobalSection(ProjectConfigurationPlatforms) = postSolution
		{C40CB70D-1AA1-4A69-B1AF-9D6F74B51B40}.Debug|Any CPU.ActiveCfg = Debug|Any CPU
		{C40CB70D-1AA1-4A69-B1AF-9D6F74B51B40}.Debug|Any CPU.Build.0 = Debug|Any CPU
		{C40CB70D-1AA1-4A69-B1AF-9D6F74B51B40}.Release|Any CPU.ActiveCfg = Release|Any CPU
		{C40CB70D-1AA1-4A69-B1AF-9D6F74B51B40}.Release|Any CPU.Build.0 = Release|Any CPU
		{AA8579B5-2020-404E-8E66-574B762E75F2}.Debug|Any CPU.ActiveCfg = Debug|Any CPU
		{AA8579B5-2020-404E-8E66-574B762E75F2}.Debug|Any CPU.Build.0 = Debug|Any CPU
		{AA8579B5-2020-404E-8E66-574B762E75F2}.Release|Any CPU.ActiveCfg = Release|Any CPU
		{AA8579B5-2020-404E-8E66-574B762E75F2}.Release|Any CPU.Build.0 = Release|Any CPU
	EndGlobalSection
	GlobalSection(SolutionProperties) = preSolution
		HideSolutionNode = FALSE
	EndGlobalSection
	GlobalSection(ExtensibilityGlobals) = postSolution
		SolutionGuid = {30BB2338-2C49-4852-A0F0-85F3E0C02CCD}
	EndGlobalSection
EndGlobal
