
Microsoft Visual Studio Solution File, Format Version 12.00
# Visual Studio Version 16
VisualStudioVersion = 16.0.31205.134
MinimumVisualStudioVersion = 10.0.40219.1
Project("{9A19103F-16F7-4668-BE54-9A1E7A4F7556}") = "ClickButton", "ClickButton\ClickButton.csproj", "{EE1A2748-5087-464B-914B-0E3F13B7A4AA}"
EndProject
Project("{9A19103F-16F7-4668-BE54-9A1E7A4F7556}") = "ToolTipImage", "ToolTipImage\ToolTipImage.csproj", "{5FDA1736-31E0-480D-A499-C9F55CF3BF14}"
EndProject
Project("{FAE04EC0-301F-11D3-BF4B-00C04F79EFBC}") = "calculator", "calculator\calculator.csproj", "{760F7E28-24AA-4F22-B359-1FEFEEDE6E2A}"
EndProject
Global
	GlobalSection(SolutionConfigurationPlatforms) = preSolution
		Debug|Any CPU = Debug|Any CPU
		Release|Any CPU = Release|Any CPU
	EndGlobalSection
	GlobalSection(ProjectConfigurationPlatforms) = postSolution
		{EE1A2748-5087-464B-914B-0E3F13B7A4AA}.Debug|Any CPU.ActiveCfg = Debug|Any CPU
		{EE1A2748-5087-464B-914B-0E3F13B7A4AA}.Debug|Any CPU.Build.0 = Debug|Any CPU
		{EE1A2748-5087-464B-914B-0E3F13B7A4AA}.Release|Any CPU.ActiveCfg = Release|Any CPU
		{EE1A2748-5087-464B-914B-0E3F13B7A4AA}.Release|Any CPU.Build.0 = Release|Any CPU
		{5FDA1736-31E0-480D-A499-C9F55CF3BF14}.Debug|Any CPU.ActiveCfg = Debug|Any CPU
		{5FDA1736-31E0-480D-A499-C9F55CF3BF14}.Debug|Any CPU.Build.0 = Debug|Any CPU
		{5FDA1736-31E0-480D-A499-C9F55CF3BF14}.Release|Any CPU.ActiveCfg = Release|Any CPU
		{5FDA1736-31E0-480D-A499-C9F55CF3BF14}.Release|Any CPU.Build.0 = Release|Any CPU
		{760F7E28-24AA-4F22-B359-1FEFEEDE6E2A}.Debug|Any CPU.ActiveCfg = Debug|Any CPU
		{760F7E28-24AA-4F22-B359-1FEFEEDE6E2A}.Debug|Any CPU.Build.0 = Debug|Any CPU
		{760F7E28-24AA-4F22-B359-1FEFEEDE6E2A}.Release|Any CPU.ActiveCfg = Release|Any CPU
		{760F7E28-24AA-4F22-B359-1FEFEEDE6E2A}.Release|Any CPU.Build.0 = Release|Any CPU
	EndGlobalSection
	GlobalSection(SolutionProperties) = preSolution
		HideSolutionNode = FALSE
	EndGlobalSection
	GlobalSection(ExtensibilityGlobals) = postSolution
		SolutionGuid = {8D0ED56C-9812-46A9-AAD4-BEEE8E41324B}
	EndGlobalSection
EndGlobal
