
Microsoft Visual Studio Solution File, Format Version 12.00
# Visual Studio Version 16
VisualStudioVersion = 16.0.31205.134
MinimumVisualStudioVersion = 10.0.40219.1
Project("{9A19103F-16F7-4668-BE54-9A1E7A4F7556}") = "Lab01", "Lab01\Lab01.csproj", "{4A508A5B-7729-43F2-902B-19BB2F808C2D}"
EndProject
Project("{FAE04EC0-301F-11D3-BF4B-00C04F79EFBC}") = "inkcanvas", "inkcanvas\inkcanvas.csproj", "{AE39648A-2232-425E-8190-3822A7AF0BE5}"
EndProject
Project("{FAE04EC0-301F-11D3-BF4B-00C04F79EFBC}") = "bonus", "bonus\bonus.csproj", "{5E119D62-BF47-48A7-8D84-43534E863B3E}"
EndProject
Global
	GlobalSection(SolutionConfigurationPlatforms) = preSolution
		Debug|Any CPU = Debug|Any CPU
		Release|Any CPU = Release|Any CPU
	EndGlobalSection
	GlobalSection(ProjectConfigurationPlatforms) = postSolution
		{4A508A5B-7729-43F2-902B-19BB2F808C2D}.Debug|Any CPU.ActiveCfg = Debug|Any CPU
		{4A508A5B-7729-43F2-902B-19BB2F808C2D}.Debug|Any CPU.Build.0 = Debug|Any CPU
		{4A508A5B-7729-43F2-902B-19BB2F808C2D}.Release|Any CPU.ActiveCfg = Release|Any CPU
		{4A508A5B-7729-43F2-902B-19BB2F808C2D}.Release|Any CPU.Build.0 = Release|Any CPU
		{AE39648A-2232-425E-8190-3822A7AF0BE5}.Debug|Any CPU.ActiveCfg = Debug|Any CPU
		{AE39648A-2232-425E-8190-3822A7AF0BE5}.Debug|Any CPU.Build.0 = Debug|Any CPU
		{AE39648A-2232-425E-8190-3822A7AF0BE5}.Release|Any CPU.ActiveCfg = Release|Any CPU
		{AE39648A-2232-425E-8190-3822A7AF0BE5}.Release|Any CPU.Build.0 = Release|Any CPU
		{5E119D62-BF47-48A7-8D84-43534E863B3E}.Debug|Any CPU.ActiveCfg = Debug|Any CPU
		{5E119D62-BF47-48A7-8D84-43534E863B3E}.Debug|Any CPU.Build.0 = Debug|Any CPU
		{5E119D62-BF47-48A7-8D84-43534E863B3E}.Release|Any CPU.ActiveCfg = Release|Any CPU
		{5E119D62-BF47-48A7-8D84-43534E863B3E}.Release|Any CPU.Build.0 = Release|Any CPU
	EndGlobalSection
	GlobalSection(SolutionProperties) = preSolution
		HideSolutionNode = FALSE
	EndGlobalSection
	GlobalSection(ExtensibilityGlobals) = postSolution
		SolutionGuid = {C604D70B-E32D-49E1-8823-1A72A70C995C}
	EndGlobalSection
EndGlobal
