
Microsoft Visual Studio Solution File, Format Version 12.00
# Visual Studio Version 16
VisualStudioVersion = 16.0.31005.135
MinimumVisualStudioVersion = 10.0.40219.1
Project("{FAE04EC0-301F-11D3-BF4B-00C04F79EFBC}") = "exam", "exam\exam.csproj", "{86F58945-9AA2-4C20-B4C0-1D8748DFBEBF}"
EndProject
Global
	GlobalSection(SolutionConfigurationPlatforms) = preSolution
		Debug|Any CPU = Debug|Any CPU
		Release|Any CPU = Release|Any CPU
	EndGlobalSection
	GlobalSection(ProjectConfigurationPlatforms) = postSolution
		{86F58945-9AA2-4C20-B4C0-1D8748DFBEBF}.Debug|Any CPU.ActiveCfg = Debug|Any CPU
		{86F58945-9AA2-4C20-B4C0-1D8748DFBEBF}.Debug|Any CPU.Build.0 = Debug|Any CPU
		{86F58945-9AA2-4C20-B4C0-1D8748DFBEBF}.Release|Any CPU.ActiveCfg = Release|Any CPU
		{86F58945-9AA2-4C20-B4C0-1D8748DFBEBF}.Release|Any CPU.Build.0 = Release|Any CPU
	EndGlobalSection
	GlobalSection(SolutionProperties) = preSolution
		HideSolutionNode = FALSE
	EndGlobalSection
	GlobalSection(ExtensibilityGlobals) = postSolution
		SolutionGuid = {D48C12B3-3FC2-4678-8F06-5ED4F0ABC6EE}
	EndGlobalSection
EndGlobal
