
Microsoft Visual Studio Solution File, Format Version 12.00
# Visual Studio Version 16
VisualStudioVersion = 16.0.31129.286
MinimumVisualStudioVersion = 10.0.40219.1
Project("{FAE04EC0-301F-11D3-BF4B-00C04F79EFBC}") = "Lab04", "Lab04\Lab04.csproj", "{A7E19343-6402-48AB-9001-7EE3B66D17C1}"
EndProject
Global
	GlobalSection(SolutionConfigurationPlatforms) = preSolution
		Debug|Any CPU = Debug|Any CPU
		Release|Any CPU = Release|Any CPU
	EndGlobalSection
	GlobalSection(ProjectConfigurationPlatforms) = postSolution
		{A7E19343-6402-48AB-9001-7EE3B66D17C1}.Debug|Any CPU.ActiveCfg = Debug|Any CPU
		{A7E19343-6402-48AB-9001-7EE3B66D17C1}.Debug|Any CPU.Build.0 = Debug|Any CPU
		{A7E19343-6402-48AB-9001-7EE3B66D17C1}.Release|Any CPU.ActiveCfg = Release|Any CPU
		{A7E19343-6402-48AB-9001-7EE3B66D17C1}.Release|Any CPU.Build.0 = Release|Any CPU
	EndGlobalSection
	GlobalSection(SolutionProperties) = preSolution
		HideSolutionNode = FALSE
	EndGlobalSection
	GlobalSection(ExtensibilityGlobals) = postSolution
		SolutionGuid = {6E738C69-21D7-4D63-92C6-209C8CA8E87C}
	EndGlobalSection
EndGlobal
